
Microsoft Visual Studio Solution File, Format Version 12.00
# Visual Studio Version 17
VisualStudioVersion = 17.0.32014.148
MinimumVisualStudioVersion = 10.0.40219.1
Project("{FAE04EC0-301F-11D3-BF4B-00C04F79EFBC}") = "GrpcGreeterClient", "GrpcGreeterClient\GrpcGreeterClient.csproj", "{D51F0AA6-FC7B-4982-89AB-CAAAC420AEFF}"
EndProject
Global
	GlobalSection(SolutionConfigurationPlatforms) = preSolution
		Debug|Any CPU = Debug|Any CPU
		Release|Any CPU = Release|Any CPU
	EndGlobalSection
	GlobalSection(ProjectConfigurationPlatforms) = postSolution
		{D51F0AA6-FC7B-4982-89AB-CAAAC420AEFF}.Debug|Any CPU.ActiveCfg = Debug|Any CPU
		{D51F0AA6-FC7B-4982-89AB-CAAAC420AEFF}.Debug|Any CPU.Build.0 = Debug|Any CPU
		{D51F0AA6-FC7B-4982-89AB-CAAAC420AEFF}.Release|Any CPU.ActiveCfg = Release|Any CPU
		{D51F0AA6-FC7B-4982-89AB-CAAAC420AEFF}.Release|Any CPU.Build.0 = Release|Any CPU
	EndGlobalSection
	GlobalSection(SolutionProperties) = preSolution
		HideSolutionNode = FALSE
	EndGlobalSection
	GlobalSection(ExtensibilityGlobals) = postSolution
		SolutionGuid = {F058DD12-E2D7-4A61-8E91-CBD0E13DE284}
	EndGlobalSection
EndGlobal
